
Microsoft Visual Studio Solution File, Format Version 12.00
# Visual Studio 2012
Project("{FAE04EC0-301F-11D3-BF4B-00C04F79EFBC}") = "OrderSvcExample", "src\app\OrderSvcExample\OrderSvcExample.csproj", "{A52C1AB0-9031-4EB8-99DA-774B76CADC06}"
EndProject
Project("{2150E333-8FDC-42A3-9474-1A3956D46DE8}") = "library", "library", "{9047FDC7-E8A8-44A9-B7E8-ACFB6D02DB24}"
EndProject
Project("{FAE04EC0-301F-11D3-BF4B-00C04F79EFBC}") = "DataModels", "src\app\DataModels\DataModels.csproj", "{9F619E54-E56A-4D3E-8288-8BF5E6909319}"
EndProject
Project("{FAE04EC0-301F-11D3-BF4B-00C04F79EFBC}") = "DataModelsRepoSql08", "src\app\DataModelsRepoSql08\DataModelsRepoSql08.csproj", "{F5C95ABC-0EDE-4CB6-A00C-E90B42AA2EF8}"
EndProject
Project("{FAE04EC0-301F-11D3-BF4B-00C04F79EFBC}") = "IDataModelsRepo", "src\app\IDataModelsRepo\IDataModelsRepo.csproj", "{5DAFE756-2B1C-4548-9423-6D97C9941E9A}"
EndProject
Project("{FAE04EC0-301F-11D3-BF4B-00C04F79EFBC}") = "IProcessOrders", "src\app\IProcessOrders\IProcessOrders.csproj", "{F88B6EF2-08A2-46A6-B3E3-0E08EE76CA74}"
EndProject
Project("{FAE04EC0-301F-11D3-BF4B-00C04F79EFBC}") = "OrdersLogic", "src\app\OrdersLogic\OrdersLogic.csproj", "{6BF12280-A4F6-4780-9FCF-91ED79B0FFD9}"
EndProject
Project("{2150E333-8FDC-42A3-9474-1A3956D46DE8}") = "testing", "testing", "{24365725-532C-44AE-8811-0A51F36558DB}"
EndProject
Project("{FAE04EC0-301F-11D3-BF4B-00C04F79EFBC}") = "OrderSvcTests", "src\test\OrderSvcTests\OrderSvcTests.csproj", "{4CEFF16F-4657-4B12-9E77-D64B946F2DEF}"
EndProject
Project("{FAE04EC0-301F-11D3-BF4B-00C04F79EFBC}") = "RepoSql08Tests", "src\test\RepoSql08Tests\RepoSql08Tests.csproj", "{0623189A-508A-4B8C-8C76-E429362B8DA3}"
EndProject
Global
	GlobalSection(SolutionConfigurationPlatforms) = preSolution
		Debug|Any CPU = Debug|Any CPU
		Release|Any CPU = Release|Any CPU
	EndGlobalSection
	GlobalSection(ProjectConfigurationPlatforms) = postSolution
		{0623189A-508A-4B8C-8C76-E429362B8DA3}.Debug|Any CPU.ActiveCfg = Debug|Any CPU
		{0623189A-508A-4B8C-8C76-E429362B8DA3}.Debug|Any CPU.Build.0 = Debug|Any CPU
		{0623189A-508A-4B8C-8C76-E429362B8DA3}.Release|Any CPU.ActiveCfg = Release|Any CPU
		{0623189A-508A-4B8C-8C76-E429362B8DA3}.Release|Any CPU.Build.0 = Release|Any CPU
		{4CEFF16F-4657-4B12-9E77-D64B946F2DEF}.Debug|Any CPU.ActiveCfg = Debug|Any CPU
		{4CEFF16F-4657-4B12-9E77-D64B946F2DEF}.Debug|Any CPU.Build.0 = Debug|Any CPU
		{4CEFF16F-4657-4B12-9E77-D64B946F2DEF}.Release|Any CPU.ActiveCfg = Release|Any CPU
		{4CEFF16F-4657-4B12-9E77-D64B946F2DEF}.Release|Any CPU.Build.0 = Release|Any CPU
		{5DAFE756-2B1C-4548-9423-6D97C9941E9A}.Debug|Any CPU.ActiveCfg = Debug|Any CPU
		{5DAFE756-2B1C-4548-9423-6D97C9941E9A}.Debug|Any CPU.Build.0 = Debug|Any CPU
		{5DAFE756-2B1C-4548-9423-6D97C9941E9A}.Release|Any CPU.ActiveCfg = Release|Any CPU
		{5DAFE756-2B1C-4548-9423-6D97C9941E9A}.Release|Any CPU.Build.0 = Release|Any CPU
		{6BF12280-A4F6-4780-9FCF-91ED79B0FFD9}.Debug|Any CPU.ActiveCfg = Debug|Any CPU
		{6BF12280-A4F6-4780-9FCF-91ED79B0FFD9}.Debug|Any CPU.Build.0 = Debug|Any CPU
		{6BF12280-A4F6-4780-9FCF-91ED79B0FFD9}.Release|Any CPU.ActiveCfg = Release|Any CPU
		{6BF12280-A4F6-4780-9FCF-91ED79B0FFD9}.Release|Any CPU.Build.0 = Release|Any CPU
		{9F619E54-E56A-4D3E-8288-8BF5E6909319}.Debug|Any CPU.ActiveCfg = Debug|Any CPU
		{9F619E54-E56A-4D3E-8288-8BF5E6909319}.Debug|Any CPU.Build.0 = Debug|Any CPU
		{9F619E54-E56A-4D3E-8288-8BF5E6909319}.Release|Any CPU.ActiveCfg = Release|Any CPU
		{9F619E54-E56A-4D3E-8288-8BF5E6909319}.Release|Any CPU.Build.0 = Release|Any CPU
		{A52C1AB0-9031-4EB8-99DA-774B76CADC06}.Debug|Any CPU.ActiveCfg = Debug|Any CPU
		{A52C1AB0-9031-4EB8-99DA-774B76CADC06}.Debug|Any CPU.Build.0 = Debug|Any CPU
		{A52C1AB0-9031-4EB8-99DA-774B76CADC06}.Release|Any CPU.ActiveCfg = Release|Any CPU
		{A52C1AB0-9031-4EB8-99DA-774B76CADC06}.Release|Any CPU.Build.0 = Release|Any CPU
		{F5C95ABC-0EDE-4CB6-A00C-E90B42AA2EF8}.Debug|Any CPU.ActiveCfg = Debug|Any CPU
		{F5C95ABC-0EDE-4CB6-A00C-E90B42AA2EF8}.Debug|Any CPU.Build.0 = Debug|Any CPU
		{F5C95ABC-0EDE-4CB6-A00C-E90B42AA2EF8}.Release|Any CPU.ActiveCfg = Release|Any CPU
		{F5C95ABC-0EDE-4CB6-A00C-E90B42AA2EF8}.Release|Any CPU.Build.0 = Release|Any CPU
		{F88B6EF2-08A2-46A6-B3E3-0E08EE76CA74}.Debug|Any CPU.ActiveCfg = Debug|Any CPU
		{F88B6EF2-08A2-46A6-B3E3-0E08EE76CA74}.Debug|Any CPU.Build.0 = Debug|Any CPU
		{F88B6EF2-08A2-46A6-B3E3-0E08EE76CA74}.Release|Any CPU.ActiveCfg = Release|Any CPU
		{F88B6EF2-08A2-46A6-B3E3-0E08EE76CA74}.Release|Any CPU.Build.0 = Release|Any CPU
	EndGlobalSection
	GlobalSection(SolutionProperties) = preSolution
		HideSolutionNode = FALSE
	EndGlobalSection
	GlobalSection(NestedProjects) = preSolution
		{0623189A-508A-4B8C-8C76-E429362B8DA3} = {24365725-532C-44AE-8811-0A51F36558DB}
		{4CEFF16F-4657-4B12-9E77-D64B946F2DEF} = {24365725-532C-44AE-8811-0A51F36558DB}
		{5DAFE756-2B1C-4548-9423-6D97C9941E9A} = {9047FDC7-E8A8-44A9-B7E8-ACFB6D02DB24}
		{6BF12280-A4F6-4780-9FCF-91ED79B0FFD9} = {9047FDC7-E8A8-44A9-B7E8-ACFB6D02DB24}
		{9F619E54-E56A-4D3E-8288-8BF5E6909319} = {9047FDC7-E8A8-44A9-B7E8-ACFB6D02DB24}
		{F5C95ABC-0EDE-4CB6-A00C-E90B42AA2EF8} = {9047FDC7-E8A8-44A9-B7E8-ACFB6D02DB24}
		{F88B6EF2-08A2-46A6-B3E3-0E08EE76CA74} = {9047FDC7-E8A8-44A9-B7E8-ACFB6D02DB24}
	EndGlobalSection
EndGlobal
